// !$*UTF8*$!
{
	archiveVersion = 1;
	classes = {
	};
	objectVersion = 56;
	objects = {

/* Begin PBXBuildFile section */
		DA922C2B2BBD46F800F337E6 /* InProgressViewController.m in Sources */ = {isa = PBXBuildFile; fileRef = DA922C2A2BBD46F800F337E6 /* InProgressViewController.m */; };
		DA922C2E2BBD6A8600F337E6 /* DoneViewController.m in Sources */ = {isa = PBXBuildFile; fileRef = DA922C2D2BBD6A8600F337E6 /* DoneViewController.m */; };
		DAAF62E02BBBF3CF005C87A8 /* AppDelegate.m in Sources */ = {isa = PBXBuildFile; fileRef = DAAF62DF2BBBF3CF005C87A8 /* AppDelegate.m */; };
		DAAF62E32BBBF3CF005C87A8 /* SceneDelegate.m in Sources */ = {isa = PBXBuildFile; fileRef = DAAF62E22BBBF3CF005C87A8 /* SceneDelegate.m */; };
		DAAF62E62BBBF3CF005C87A8 /* ViewController.m in Sources */ = {isa = PBXBuildFile; fileRef = DAAF62E52BBBF3CF005C87A8 /* ViewController.m */; };
		DAAF62E92BBBF3CF005C87A8 /* Main.storyboard in Resources */ = {isa = PBXBuildFile; fileRef = DAAF62E72BBBF3CF005C87A8 /* Main.storyboard */; };
		DAAF62EB2BBBF3D7005C87A8 /* Assets.xcassets in Resources */ = {isa = PBXBuildFile; fileRef = DAAF62EA2BBBF3D7005C87A8 /* Assets.xcassets */; };
		DAAF62EE2BBBF3D7005C87A8 /* LaunchScreen.storyboard in Resources */ = {isa = PBXBuildFile; fileRef = DAAF62EC2BBBF3D7005C87A8 /* LaunchScreen.storyboard */; };
		DAAF62F12BBBF3D7005C87A8 /* main.m in Sources */ = {isa = PBXBuildFile; fileRef = DAAF62F02BBBF3D7005C87A8 /* main.m */; };
		DAAF62FB2BBBF3D8005C87A8 /* ToDoListTests.m in Sources */ = {isa = PBXBuildFile; fileRef = DAAF62FA2BBBF3D8005C87A8 /* ToDoListTests.m */; };
		DAAF63052BBBF3D8005C87A8 /* ToDoListUITests.m in Sources */ = {isa = PBXBuildFile; fileRef = DAAF63042BBBF3D8005C87A8 /* ToDoListUITests.m */; };
		DAAF63072BBBF3D8005C87A8 /* ToDoListUITestsLaunchTests.m in Sources */ = {isa = PBXBuildFile; fileRef = DAAF63062BBBF3D8005C87A8 /* ToDoListUITestsLaunchTests.m */; };
		DAAF63152BBC0862005C87A8 /* AddingViewController.m in Sources */ = {isa = PBXBuildFile; fileRef = DAAF63142BBC0862005C87A8 /* AddingViewController.m */; };
		DAAF63182BBC10AA005C87A8 /* Model.m in Sources */ = {isa = PBXBuildFile; fileRef = DAAF63172BBC10AA005C87A8 /* Model.m */; };
		DAAF631C2BBC2471005C87A8 /* DetailsViewController.m in Sources */ = {isa = PBXBuildFile; fileRef = DAAF631B2BBC2471005C87A8 /* DetailsViewController.m */; };
/* End PBXBuildFile section */

/* Begin PBXContainerItemProxy section */
		DAAF62F72BBBF3D8005C87A8 /* PBXContainerItemProxy */ = {
			isa = PBXContainerItemProxy;
			containerPortal = DAAF62D32BBBF3CF005C87A8 /* Project object */;
			proxyType = 1;
			remoteGlobalIDString = DAAF62DA2BBBF3CF005C87A8;
			remoteInfo = ToDoList;
		};
		DAAF63012BBBF3D8005C87A8 /* PBXContainerItemProxy */ = {
			isa = PBXContainerItemProxy;
			containerPortal = DAAF62D32BBBF3CF005C87A8 /* Project object */;
			proxyType = 1;
			remoteGlobalIDString = DAAF62DA2BBBF3CF005C87A8;
			remoteInfo = ToDoList;
		};
/* End PBXContainerItemProxy section */

/* Begin PBXFileReference section */
		DA922C292BBD46F800F337E6 /* InProgressViewController.h */ = {isa = PBXFileReference; lastKnownFileType = sourcecode.c.h; path = InProgressViewController.h; sourceTree = "<group>"; };
		DA922C2A2BBD46F800F337E6 /* InProgressViewController.m */ = {isa = PBXFileReference; lastKnownFileType = sourcecode.c.objc; path = InProgressViewController.m; sourceTree = "<group>"; };
		DA922C2C2BBD6A8600F337E6 /* DoneViewController.h */ = {isa = PBXFileReference; lastKnownFileType = sourcecode.c.h; path = DoneViewController.h; sourceTree = "<group>"; };
		DA922C2D2BBD6A8600F337E6 /* DoneViewController.m */ = {isa = PBXFileReference; lastKnownFileType = sourcecode.c.objc; path = DoneViewController.m; sourceTree = "<group>"; };
		DAAF62DB2BBBF3CF005C87A8 /* ToDoList.app */ = {isa = PBXFileReference; explicitFileType = wrapper.application; includeInIndex = 0; path = ToDoList.app; sourceTree = BUILT_PRODUCTS_DIR; };
		DAAF62DE2BBBF3CF005C87A8 /* AppDelegate.h */ = {isa = PBXFileReference; lastKnownFileType = sourcecode.c.h; path = AppDelegate.h; sourceTree = "<group>"; };
		DAAF62DF2BBBF3CF005C87A8 /* AppDelegate.m */ = {isa = PBXFileReference; lastKnownFileType = sourcecode.c.objc; path = AppDelegate.m; sourceTree = "<group>"; };
		DAAF62E12BBBF3CF005C87A8 /* SceneDelegate.h */ = {isa = PBXFileReference; lastKnownFileType = sourcecode.c.h; path = SceneDelegate.h; sourceTree = "<group>"; };
		DAAF62E22BBBF3CF005C87A8 /* SceneDelegate.m */ = {isa = PBXFileReference; lastKnownFileType = sourcecode.c.objc; path = SceneDelegate.m; sourceTree = "<group>"; };
		DAAF62E42BBBF3CF005C87A8 /* ViewController.h */ = {isa = PBXFileReference; lastKnownFileType = sourcecode.c.h; path = ViewController.h; sourceTree = "<group>"; };
		DAAF62E52BBBF3CF005C87A8 /* ViewController.m */ = {isa = PBXFileReference; lastKnownFileType = sourcecode.c.objc; path = ViewController.m; sourceTree = "<group>"; };
		DAAF62E82BBBF3CF005C87A8 /* Base */ = {isa = PBXFileReference; lastKnownFileType = file.storyboard; name = Base; path = Base.lproj/Main.storyboard; sourceTree = "<group>"; };
		DAAF62EA2BBBF3D7005C87A8 /* Assets.xcassets */ = {isa = PBXFileReference; lastKnownFileType = folder.assetcatalog; path = Assets.xcassets; sourceTree = "<group>"; };
		DAAF62ED2BBBF3D7005C87A8 /* Base */ = {isa = PBXFileReference; lastKnownFileType = file.storyboard; name = Base; path = Base.lproj/LaunchScreen.storyboard; sourceTree = "<group>"; };
		DAAF62EF2BBBF3D7005C87A8 /* Info.plist */ = {isa = PBXFileReference; lastKnownFileType = text.plist.xml; path = Info.plist; sourceTree = "<group>"; };
		DAAF62F02BBBF3D7005C87A8 /* main.m */ = {isa = PBXFileReference; lastKnownFileType = sourcecode.c.objc; path = main.m; sourceTree = "<group>"; };
		DAAF62F62BBBF3D8005C87A8 /* ToDoListTests.xctest */ = {isa = PBXFileReference; explicitFileType = wrapper.cfbundle; includeInIndex = 0; path = ToDoListTests.xctest; sourceTree = BUILT_PRODUCTS_DIR; };
		DAAF62FA2BBBF3D8005C87A8 /* ToDoListTests.m */ = {isa = PBXFileReference; lastKnownFileType = sourcecode.c.objc; path = ToDoListTests.m; sourceTree = "<group>"; };
		DAAF63002BBBF3D8005C87A8 /* ToDoListUITests.xctest */ = {isa = PBXFileReference; explicitFileType = wrapper.cfbundle; includeInIndex = 0; path = ToDoListUITests.xctest; sourceTree = BUILT_PRODUCTS_DIR; };
		DAAF63042BBBF3D8005C87A8 /* ToDoListUITests.m */ = {isa = PBXFileReference; lastKnownFileType = sourcecode.c.objc; path = ToDoListUITests.m; sourceTree = "<group>"; };
		DAAF63062BBBF3D8005C87A8 /* ToDoListUITestsLaunchTests.m */ = {isa = PBXFileReference; lastKnownFileType = sourcecode.c.objc; path = ToDoListUITestsLaunchTests.m; sourceTree = "<group>"; };
		DAAF63132BBC0862005C87A8 /* AddingViewController.h */ = {isa = PBXFileReference; lastKnownFileType = sourcecode.c.h; path = AddingViewController.h; sourceTree = "<group>"; };
		DAAF63142BBC0862005C87A8 /* AddingViewController.m */ = {isa = PBXFileReference; lastKnownFileType = sourcecode.c.objc; path = AddingViewController.m; sourceTree = "<group>"; };
		DAAF63162BBC10AA005C87A8 /* Model.h */ = {isa = PBXFileReference; lastKnownFileType = sourcecode.c.h; path = Model.h; sourceTree = "<group>"; };
		DAAF63172BBC10AA005C87A8 /* Model.m */ = {isa = PBXFileReference; lastKnownFileType = sourcecode.c.objc; path = Model.m; sourceTree = "<group>"; };
		DAAF63192BBC1C77005C87A8 /* MyProtocol.h */ = {isa = PBXFileReference; lastKnownFileType = sourcecode.c.h; path = MyProtocol.h; sourceTree = "<group>"; };
		DAAF631A2BBC2471005C87A8 /* DetailsViewController.h */ = {isa = PBXFileReference; lastKnownFileType = sourcecode.c.h; path = DetailsViewController.h; sourceTree = "<group>"; };
		DAAF631B2BBC2471005C87A8 /* DetailsViewController.m */ = {isa = PBXFileReference; lastKnownFileType = sourcecode.c.objc; path = DetailsViewController.m; sourceTree = "<group>"; };
/* End PBXFileReference section */

/* Begin PBXFrameworksBuildPhase section */
		DAAF62D82BBBF3CF005C87A8 /* Frameworks */ = {
			isa = PBXFrameworksBuildPhase;
			buildActionMask = 2147483647;
			files = (
			);
			runOnlyForDeploymentPostprocessing = 0;
		};
		DAAF62F32BBBF3D8005C87A8 /* Frameworks */ = {
			isa = PBXFrameworksBuildPhase;
			buildActionMask = 2147483647;
			files = (
			);
			runOnlyForDeploymentPostprocessing = 0;
		};
		DAAF62FD2BBBF3D8005C87A8 /* Frameworks */ = {
			isa = PBXFrameworksBuildPhase;
			buildActionMask = 2147483647;
			files = (
			);
			runOnlyForDeploymentPostprocessing = 0;
		};
/* End PBXFrameworksBuildPhase section */

/* Begin PBXGroup section */
		DAAF62D22BBBF3CF005C87A8 = {
			isa = PBXGroup;
			children = (
				DAAF62DD2BBBF3CF005C87A8 /* ToDoList */,
				DAAF62F92BBBF3D8005C87A8 /* ToDoListTests */,
				DAAF63032BBBF3D8005C87A8 /* ToDoListUITests */,
				DAAF62DC2BBBF3CF005C87A8 /* Products */,
			);
			sourceTree = "<group>";
		};
		DAAF62DC2BBBF3CF005C87A8 /* Products */ = {
			isa = PBXGroup;
			children = (
				DAAF62DB2BBBF3CF005C87A8 /* ToDoList.app */,
				DAAF62F62BBBF3D8005C87A8 /* ToDoListTests.xctest */,
				DAAF63002BBBF3D8005C87A8 /* ToDoListUITests.xctest */,
			);
			name = Products;
			sourceTree = "<group>";
		};
		DAAF62DD2BBBF3CF005C87A8 /* ToDoList */ = {
			isa = PBXGroup;
			children = (
				DAAF62DE2BBBF3CF005C87A8 /* AppDelegate.h */,
				DAAF62DF2BBBF3CF005C87A8 /* AppDelegate.m */,
				DAAF62E12BBBF3CF005C87A8 /* SceneDelegate.h */,
				DAAF62E22BBBF3CF005C87A8 /* SceneDelegate.m */,
				DAAF62E42BBBF3CF005C87A8 /* ViewController.h */,
				DAAF62E52BBBF3CF005C87A8 /* ViewController.m */,
				DAAF62E72BBBF3CF005C87A8 /* Main.storyboard */,
				DA922C2C2BBD6A8600F337E6 /* DoneViewController.h */,
				DA922C2D2BBD6A8600F337E6 /* DoneViewController.m */,
				DA922C292BBD46F800F337E6 /* InProgressViewController.h */,
				DA922C2A2BBD46F800F337E6 /* InProgressViewController.m */,
				DAAF62EA2BBBF3D7005C87A8 /* Assets.xcassets */,
				DAAF62EC2BBBF3D7005C87A8 /* LaunchScreen.storyboard */,
				DAAF62EF2BBBF3D7005C87A8 /* Info.plist */,
				DAAF62F02BBBF3D7005C87A8 /* main.m */,
				DAAF63132BBC0862005C87A8 /* AddingViewController.h */,
				DAAF63142BBC0862005C87A8 /* AddingViewController.m */,
				DAAF63162BBC10AA005C87A8 /* Model.h */,
				DAAF63172BBC10AA005C87A8 /* Model.m */,
				DAAF63192BBC1C77005C87A8 /* MyProtocol.h */,
				DAAF631A2BBC2471005C87A8 /* DetailsViewController.h */,
				DAAF631B2BBC2471005C87A8 /* DetailsViewController.m */,
			);
			path = ToDoList;
			sourceTree = "<group>";
		};
		DAAF62F92BBBF3D8005C87A8 /* ToDoListTests */ = {
			isa = PBXGroup;
			children = (
				DAAF62FA2BBBF3D8005C87A8 /* ToDoListTests.m */,
			);
			path = ToDoListTests;
			sourceTree = "<group>";
		};
		DAAF63032BBBF3D8005C87A8 /* ToDoListUITests */ = {
			isa = PBXGroup;
			children = (
				DAAF63042BBBF3D8005C87A8 /* ToDoListUITests.m */,
				DAAF63062BBBF3D8005C87A8 /* ToDoListUITestsLaunchTests.m */,
			);
			path = ToDoListUITests;
			sourceTree = "<group>";
		};
/* End PBXGroup section */

/* Begin PBXNativeTarget section */
		DAAF62DA2BBBF3CF005C87A8 /* ToDoList */ = {
			isa = PBXNativeTarget;
			buildConfigurationList = DAAF630A2BBBF3D8005C87A8 /* Build configuration list for PBXNativeTarget "ToDoList" */;
			buildPhases = (
				DAAF62D72BBBF3CF005C87A8 /* Sources */,
				DAAF62D82BBBF3CF005C87A8 /* Frameworks */,
				DAAF62D92BBBF3CF005C87A8 /* Resources */,
			);
			buildRules = (
			);
			dependencies = (
			);
			name = ToDoList;
			productName = ToDoList;
			productReference = DAAF62DB2BBBF3CF005C87A8 /* ToDoList.app */;
			productType = "com.apple.product-type.application";
		};
		DAAF62F52BBBF3D8005C87A8 /* ToDoListTests */ = {
			isa = PBXNativeTarget;
			buildConfigurationList = DAAF630D2BBBF3D8005C87A8 /* Build configuration list for PBXNativeTarget "ToDoListTests" */;
			buildPhases = (
				DAAF62F22BBBF3D8005C87A8 /* Sources */,
				DAAF62F32BBBF3D8005C87A8 /* Frameworks */,
				DAAF62F42BBBF3D8005C87A8 /* Resources */,
			);
			buildRules = (
			);
			dependencies = (
				DAAF62F82BBBF3D8005C87A8 /* PBXTargetDependency */,
			);
			name = ToDoListTests;
			productName = ToDoListTests;
			productReference = DAAF62F62BBBF3D8005C87A8 /* ToDoListTests.xctest */;
			productType = "com.apple.product-type.bundle.unit-test";
		};
		DAAF62FF2BBBF3D8005C87A8 /* ToDoListUITests */ = {
			isa = PBXNativeTarget;
			buildConfigurationList = DAAF63102BBBF3D8005C87A8 /* Build configuration list for PBXNativeTarget "ToDoListUITests" */;
			buildPhases = (
				DAAF62FC2BBBF3D8005C87A8 /* Sources */,
				DAAF62FD2BBBF3D8005C87A8 /* Frameworks */,
				DAAF62FE2BBBF3D8005C87A8 /* Resources */,
			);
			buildRules = (
			);
			dependencies = (
				DAAF63022BBBF3D8005C87A8 /* PBXTargetDependency */,
			);
			name = ToDoListUITests;
			productName = ToDoListUITests;
			productReference = DAAF63002BBBF3D8005C87A8 /* ToDoListUITests.xctest */;
			productType = "com.apple.product-type.bundle.ui-testing";
		};
/* End PBXNativeTarget section */

/* Begin PBXProject section */
		DAAF62D32BBBF3CF005C87A8 /* Project object */ = {
			isa = PBXProject;
			attributes = {
				BuildIndependentTargetsInParallel = 1;
				LastUpgradeCheck = 1420;
				TargetAttributes = {
					DAAF62DA2BBBF3CF005C87A8 = {
						CreatedOnToolsVersion = 14.2;
					};
					DAAF62F52BBBF3D8005C87A8 = {
						CreatedOnToolsVersion = 14.2;
						TestTargetID = DAAF62DA2BBBF3CF005C87A8;
					};
					DAAF62FF2BBBF3D8005C87A8 = {
						CreatedOnToolsVersion = 14.2;
						TestTargetID = DAAF62DA2BBBF3CF005C87A8;
					};
				};
			};
			buildConfigurationList = DAAF62D62BBBF3CF005C87A8 /* Build configuration list for PBXProject "ToDoList" */;
			compatibilityVersion = "Xcode 14.0";
			developmentRegion = en;
			hasScannedForEncodings = 0;
			knownRegions = (
				en,
				Base,
			);
			mainGroup = DAAF62D22BBBF3CF005C87A8;
			productRefGroup = DAAF62DC2BBBF3CF005C87A8 /* Products */;
			projectDirPath = "";
			projectRoot = "";
			targets = (
				DAAF62DA2BBBF3CF005C87A8 /* ToDoList */,
				DAAF62F52BBBF3D8005C87A8 /* ToDoListTests */,
				DAAF62FF2BBBF3D8005C87A8 /* ToDoListUITests */,
			);
		};
/* End PBXProject section */

/* Begin PBXResourcesBuildPhase section */
		DAAF62D92BBBF3CF005C87A8 /* Resources */ = {
			isa = PBXResourcesBuildPhase;
			buildActionMask = 2147483647;
			files = (
				DAAF62EE2BBBF3D7005C87A8 /* LaunchScreen.storyboard in Resources */,
				DAAF62EB2BBBF3D7005C87A8 /* Assets.xcassets in Resources */,
				DAAF62E92BBBF3CF005C87A8 /* Main.storyboard in Resources */,
			);
			runOnlyForDeploymentPostprocessing = 0;
		};
		DAAF62F42BBBF3D8005C87A8 /* Resources */ = {
			isa = PBXResourcesBuildPhase;
			buildActionMask = 2147483647;
			files = (
			);
			runOnlyForDeploymentPostprocessing = 0;
		};
		DAAF62FE2BBBF3D8005C87A8 /* Resources */ = {
			isa = PBXResourcesBuildPhase;
			buildActionMask = 2147483647;
			files = (
			);
			runOnlyForDeploymentPostprocessing = 0;
		};
/* End PBXResourcesBuildPhase section */

/* Begin PBXSourcesBuildPhase section */
		DAAF62D72BBBF3CF005C87A8 /* Sources */ = {
			isa = PBXSourcesBuildPhase;
			buildActionMask = 2147483647;
			files = (
				DA922C2E2BBD6A8600F337E6 /* DoneViewController.m in Sources */,
				DA922C2B2BBD46F800F337E6 /* InProgressViewController.m in Sources */,
				DAAF62E62BBBF3CF005C87A8 /* ViewController.m in Sources */,
				DAAF62E02BBBF3CF005C87A8 /* AppDelegate.m in Sources */,
				DAAF62F12BBBF3D7005C87A8 /* main.m in Sources */,
				DAAF63182BBC10AA005C87A8 /* Model.m in Sources */,
				DAAF631C2BBC2471005C87A8 /* DetailsViewController.m in Sources */,
				DAAF63152BBC0862005C87A8 /* AddingViewController.m in Sources */,
				DAAF62E32BBBF3CF005C87A8 /* SceneDelegate.m in Sources */,
			);
			runOnlyForDeploymentPostprocessing = 0;
		};
		DAAF62F22BBBF3D8005C87A8 /* Sources */ = {
			isa = PBXSourcesBuildPhase;
			buildActionMask = 2147483647;
			files = (
				DAAF62FB2BBBF3D8005C87A8 /* ToDoListTests.m in Sources */,
			);
			runOnlyForDeploymentPostprocessing = 0;
		};
		DAAF62FC2BBBF3D8005C87A8 /* Sources */ = {
			isa = PBXSourcesBuildPhase;
			buildActionMask = 2147483647;
			files = (
				DAAF63072BBBF3D8005C87A8 /* ToDoListUITestsLaunchTests.m in Sources */,
				DAAF63052BBBF3D8005C87A8 /* ToDoListUITests.m in Sources */,
			);
			runOnlyForDeploymentPostprocessing = 0;
		};
/* End PBXSourcesBuildPhase section */

/* Begin PBXTargetDependency section */
		DAAF62F82BBBF3D8005C87A8 /* PBXTargetDependency */ = {
			isa = PBXTargetDependency;
			target = DAAF62DA2BBBF3CF005C87A8 /* ToDoList */;
			targetProxy = DAAF62F72BBBF3D8005C87A8 /* PBXContainerItemProxy */;
		};
		DAAF63022BBBF3D8005C87A8 /* PBXTargetDependency */ = {
			isa = PBXTargetDependency;
			target = DAAF62DA2BBBF3CF005C87A8 /* ToDoList */;
			targetProxy = DAAF63012BBBF3D8005C87A8 /* PBXContainerItemProxy */;
		};
/* End PBXTargetDependency section */

/* Begin PBXVariantGroup section */
		DAAF62E72BBBF3CF005C87A8 /* Main.storyboard */ = {
			isa = PBXVariantGroup;
			children = (
				DAAF62E82BBBF3CF005C87A8 /* Base */,
			);
			name = Main.storyboard;
			sourceTree = "<group>";
		};
		DAAF62EC2BBBF3D7005C87A8 /* LaunchScreen.storyboard */ = {
			isa = PBXVariantGroup;
			children = (
				DAAF62ED2BBBF3D7005C87A8 /* Base */,
			);
			name = LaunchScreen.storyboard;
			sourceTree = "<group>";
		};
/* End PBXVariantGroup section */

/* Begin XCBuildConfiguration section */
		DAAF63082BBBF3D8005C87A8 /* Debug */ = {
			isa = XCBuildConfiguration;
			buildSettings = {
				ALWAYS_SEARCH_USER_PATHS = NO;
				CLANG_ANALYZER_NONNULL = YES;
				CLANG_ANALYZER_NUMBER_OBJECT_CONVERSION = YES_AGGRESSIVE;
				CLANG_CXX_LANGUAGE_STANDARD = "gnu++20";
				CLANG_ENABLE_MODULES = YES;
				CLANG_ENABLE_OBJC_ARC = YES;
				CLANG_ENABLE_OBJC_WEAK = YES;
				CLANG_WARN_BLOCK_CAPTURE_AUTORELEASING = YES;
				CLANG_WARN_BOOL_CONVERSION = YES;
				CLANG_WARN_COMMA = YES;
				CLANG_WARN_CONSTANT_CONVERSION = YES;
				CLANG_WARN_DEPRECATED_OBJC_IMPLEMENTATIONS = YES;
				CLANG_WARN_DIRECT_OBJC_ISA_USAGE = YES_ERROR;
				CLANG_WARN_DOCUMENTATION_COMMENTS = YES;
				CLANG_WARN_EMPTY_BODY = YES;
				CLANG_WARN_ENUM_CONVERSION = YES;
				CLANG_WARN_INFINITE_RECURSION = YES;
				CLANG_WARN_INT_CONVERSION = YES;
				CLANG_WARN_NON_LITERAL_NULL_CONVERSION = YES;
				CLANG_WARN_OBJC_IMPLICIT_RETAIN_SELF = YES;
				CLANG_WARN_OBJC_LITERAL_CONVERSION = YES;
				CLANG_WARN_OBJC_ROOT_CLASS = YES_ERROR;
				CLANG_WARN_QUOTED_INCLUDE_IN_FRAMEWORK_HEADER = YES;
				CLANG_WARN_RANGE_LOOP_ANALYSIS = YES;
				CLANG_WARN_STRICT_PROTOTYPES = YES;
				CLANG_WARN_SUSPICIOUS_MOVE = YES;
				CLANG_WARN_UNGUARDED_AVAILABILITY = YES_AGGRESSIVE;
				CLANG_WARN_UNREACHABLE_CODE = YES;
				CLANG_WARN__DUPLICATE_METHOD_MATCH = YES;
				COPY_PHASE_STRIP = NO;
				DEBUG_INFORMATION_FORMAT = dwarf;
				ENABLE_STRICT_OBJC_MSGSEND = YES;
				ENABLE_TESTABILITY = YES;
				GCC_C_LANGUAGE_STANDARD = gnu11;
				GCC_DYNAMIC_NO_PIC = NO;
				GCC_NO_COMMON_BLOCKS = YES;
				GCC_OPTIMIZATION_LEVEL = 0;
				GCC_PREPROCESSOR_DEFINITIONS = (
					"DEBUG=1",
					"$(inherited)",
				);
				GCC_WARN_64_TO_32_BIT_CONVERSION = YES;
				GCC_WARN_ABOUT_RETURN_TYPE = YES_ERROR;
				GCC_WARN_UNDECLARED_SELECTOR = YES;
				GCC_WARN_UNINITIALIZED_AUTOS = YES_AGGRESSIVE;
				GCC_WARN_UNUSED_FUNCTION = YES;
				GCC_WARN_UNUSED_VARIABLE = YES;
				IPHONEOS_DEPLOYMENT_TARGET = 16.2;
				MTL_ENABLE_DEBUG_INFO = INCLUDE_SOURCE;
				MTL_FAST_MATH = YES;
				ONLY_ACTIVE_ARCH = YES;
				SDKROOT = iphoneos;
			};
			name = Debug;
		};
		DAAF63092BBBF3D8005C87A8 /* Release */ = {
			isa = XCBuildConfiguration;
			buildSettings = {
				ALWAYS_SEARCH_USER_PATHS = NO;
				CLANG_ANALYZER_NONNULL = YES;
				CLANG_ANALYZER_NUMBER_OBJECT_CONVERSION = YES_AGGRESSIVE;
				CLANG_CXX_LANGUAGE_STANDARD = "gnu++20";
				CLANG_ENABLE_MODULES = YES;
				CLANG_ENABLE_OBJC_ARC = YES;
				CLANG_ENABLE_OBJC_WEAK = YES;
				CLANG_WARN_BLOCK_CAPTURE_AUTORELEASING = YES;
				CLANG_WARN_BOOL_CONVERSION = YES;
				CLANG_WARN_COMMA = YES;
				CLANG_WARN_CONSTANT_CONVERSION = YES;
				CLANG_WARN_DEPRECATED_OBJC_IMPLEMENTATIONS = YES;
				CLANG_WARN_DIRECT_OBJC_ISA_USAGE = YES_ERROR;
				CLANG_WARN_DOCUMENTATION_COMMENTS = YES;
				CLANG_WARN_EMPTY_BODY = YES;
				CLANG_WARN_ENUM_CONVERSION = YES;
				CLANG_WARN_INFINITE_RECURSION = YES;
				CLANG_WARN_INT_CONVERSION = YES;
				CLANG_WARN_NON_LITERAL_NULL_CONVERSION = YES;
				CLANG_WARN_OBJC_IMPLICIT_RETAIN_SELF = YES;
				CLANG_WARN_OBJC_LITERAL_CONVERSION = YES;
				CLANG_WARN_OBJC_ROOT_CLASS = YES_ERROR;
				CLANG_WARN_QUOTED_INCLUDE_IN_FRAMEWORK_HEADER = YES;
				CLANG_WARN_RANGE_LOOP_ANALYSIS = YES;
				CLANG_WARN_STRICT_PROTOTYPES = YES;
				CLANG_WARN_SUSPICIOUS_MOVE = YES;
				CLANG_WARN_UNGUARDED_AVAILABILITY = YES_AGGRESSIVE;
				CLANG_WARN_UNREACHABLE_CODE = YES;
				CLANG_WARN__DUPLICATE_METHOD_MATCH = YES;
				COPY_PHASE_STRIP = NO;
				DEBUG_INFORMATION_FORMAT = "dwarf-with-dsym";
				ENABLE_NS_ASSERTIONS = NO;
				ENABLE_STRICT_OBJC_MSGSEND = YES;
				GCC_C_LANGUAGE_STANDARD = gnu11;
				GCC_NO_COMMON_BLOCKS = YES;
				GCC_WARN_64_TO_32_BIT_CONVERSION = YES;
				GCC_WARN_ABOUT_RETURN_TYPE = YES_ERROR;
				GCC_WARN_UNDECLARED_SELECTOR = YES;
				GCC_WARN_UNINITIALIZED_AUTOS = YES_AGGRESSIVE;
				GCC_WARN_UNUSED_FUNCTION = YES;
				GCC_WARN_UNUSED_VARIABLE = YES;
				IPHONEOS_DEPLOYMENT_TARGET = 16.2;
				MTL_ENABLE_DEBUG_INFO = NO;
				MTL_FAST_MATH = YES;
				SDKROOT = iphoneos;
				VALIDATE_PRODUCT = YES;
			};
			name = Release;
		};
		DAAF630B2BBBF3D8005C87A8 /* Debug */ = {
			isa = XCBuildConfiguration;
			buildSettings = {
				ASSETCATALOG_COMPILER_APPICON_NAME = AppIcon;
				ASSETCATALOG_COMPILER_GLOBAL_ACCENT_COLOR_NAME = AccentColor;
				CODE_SIGN_STYLE = Automatic;
				CURRENT_PROJECT_VERSION = 1;
				GENERATE_INFOPLIST_FILE = YES;
				INFOPLIST_FILE = ToDoList/Info.plist;
				INFOPLIST_KEY_UIApplicationSupportsIndirectInputEvents = YES;
				INFOPLIST_KEY_UILaunchStoryboardName = LaunchScreen;
				INFOPLIST_KEY_UIMainStoryboardFile = Main;
				INFOPLIST_KEY_UISupportedInterfaceOrientations_iPad = "UIInterfaceOrientationPortrait UIInterfaceOrientationPortraitUpsideDown UIInterfaceOrientationLandscapeLeft UIInterfaceOrientationLandscapeRight";
				INFOPLIST_KEY_UISupportedInterfaceOrientations_iPhone = "UIInterfaceOrientationPortrait UIInterfaceOrientationLandscapeLeft UIInterfaceOrientationLandscapeRight";
				IPHONEOS_DEPLOYMENT_TARGET = 12.0;
				LD_RUNPATH_SEARCH_PATHS = (
					"$(inherited)",
					"@executable_path/Frameworks",
				);
				MARKETING_VERSION = 1.0;
				PRODUCT_BUNDLE_IDENTIFIER = iti.ToDoList;
				PRODUCT_NAME = "$(TARGET_NAME)";
				SWIFT_EMIT_LOC_STRINGS = YES;
				TARGETED_DEVICE_FAMILY = "1,2";
			};
			name = Debug;
		};
		DAAF630C2BBBF3D8005C87A8 /* Release */ = {
			isa = XCBuildConfiguration;
			buildSettings = {
				ASSETCATALOG_COMPILER_APPICON_NAME = AppIcon;
				ASSETCATALOG_COMPILER_GLOBAL_ACCENT_COLOR_NAME = AccentColor;
				CODE_SIGN_STYLE = Automatic;
				CURRENT_PROJECT_VERSION = 1;
				GENERATE_INFOPLIST_FILE = YES;
				INFOPLIST_FILE = ToDoList/Info.plist;
				INFOPLIST_KEY_UIApplicationSupportsIndirectInputEvents = YES;
				INFOPLIST_KEY_UILaunchStoryboardName = LaunchScreen;
				INFOPLIST_KEY_UIMainStoryboardFile = Main;
				INFOPLIST_KEY_UISupportedInterfaceOrientations_iPad = "UIInterfaceOrientationPortrait UIInterfaceOrientationPortraitUpsideDown UIInterfaceOrientationLandscapeLeft UIInterfaceOrientationLandscapeRight";
				INFOPLIST_KEY_UISupportedInterfaceOrientations_iPhone = "UIInterfaceOrientationPortrait UIInterfaceOrientationLandscapeLeft UIInterfaceOrientationLandscapeRight";
				IPHONEOS_DEPLOYMENT_TARGET = 12.0;
				LD_RUNPATH_SEARCH_PATHS = (
					"$(inherited)",
					"@executable_path/Frameworks",
				);
				MARKETING_VERSION = 1.0;
				PRODUCT_BUNDLE_IDENTIFIER = iti.ToDoList;
				PRODUCT_NAME = "$(TARGET_NAME)";
				SWIFT_EMIT_LOC_STRINGS = YES;
				TARGETED_DEVICE_FAMILY = "1,2";
			};
			name = Release;
		};
		DAAF630E2BBBF3D8005C87A8 /* Debug */ = {
			isa = XCBuildConfiguration;
			buildSettings = {
				BUNDLE_LOADER = "$(TEST_HOST)";
				CODE_SIGN_STYLE = Automatic;
				CURRENT_PROJECT_VERSION = 1;
				GENERATE_INFOPLIST_FILE = YES;
				IPHONEOS_DEPLOYMENT_TARGET = 16.2;
				MARKETING_VERSION = 1.0;
				PRODUCT_BUNDLE_IDENTIFIER = iti.ToDoListTests;
				PRODUCT_NAME = "$(TARGET_NAME)";
				SWIFT_EMIT_LOC_STRINGS = NO;
				TARGETED_DEVICE_FAMILY = "1,2";
				TEST_HOST = "$(BUILT_PRODUCTS_DIR)/ToDoList.app/$(BUNDLE_EXECUTABLE_FOLDER_PATH)/ToDoList";
			};
			name = Debug;
		};
		DAAF630F2BBBF3D8005C87A8 /* Release */ = {
			isa = XCBuildConfiguration;
			buildSettings = {
				BUNDLE_LOADER = "$(TEST_HOST)";
				CODE_SIGN_STYLE = Automatic;
				CURRENT_PROJECT_VERSION = 1;
				GENERATE_INFOPLIST_FILE = YES;
				IPHONEOS_DEPLOYMENT_TARGET = 16.2;
				MARKETING_VERSION = 1.0;
				PRODUCT_BUNDLE_IDENTIFIER = iti.ToDoListTests;
				PRODUCT_NAME = "$(TARGET_NAME)";
				SWIFT_EMIT_LOC_STRINGS = NO;
				TARGETED_DEVICE_FAMILY = "1,2";
				TEST_HOST = "$(BUILT_PRODUCTS_DIR)/ToDoList.app/$(BUNDLE_EXECUTABLE_FOLDER_PATH)/ToDoList";
			};
			name = Release;
		};
		DAAF63112BBBF3D8005C87A8 /* Debug */ = {
			isa = XCBuildConfiguration;
			buildSettings = {
				CODE_SIGN_STYLE = Automatic;
				CURRENT_PROJECT_VERSION = 1;
				GENERATE_INFOPLIST_FILE = YES;
				MARKETING_VERSION = 1.0;
				PRODUCT_BUNDLE_IDENTIFIER = iti.ToDoListUITests;
				PRODUCT_NAME = "$(TARGET_NAME)";
				SWIFT_EMIT_LOC_STRINGS = NO;
				TARGETED_DEVICE_FAMILY = "1,2";
				TEST_TARGET_NAME = ToDoList;
			};
			name = Debug;
		};
		DAAF63122BBBF3D8005C87A8 /* Release */ = {
			isa = XCBuildConfiguration;
			buildSettings = {
				CODE_SIGN_STYLE = Automatic;
				CURRENT_PROJECT_VERSION = 1;
				GENERATE_INFOPLIST_FILE = YES;
				MARKETING_VERSION = 1.0;
				PRODUCT_BUNDLE_IDENTIFIER = iti.ToDoListUITests;
				PRODUCT_NAME = "$(TARGET_NAME)";
				SWIFT_EMIT_LOC_STRINGS = NO;
				TARGETED_DEVICE_FAMILY = "1,2";
				TEST_TARGET_NAME = ToDoList;
			};
			name = Release;
		};
/* End XCBuildConfiguration section */

/* Begin XCConfigurationList section */
		DAAF62D62BBBF3CF005C87A8 /* Build configuration list for PBXProject "ToDoList" */ = {
			isa = XCConfigurationList;
			buildConfigurations = (
				DAAF63082BBBF3D8005C87A8 /* Debug */,
				DAAF63092BBBF3D8005C87A8 /* Release */,
			);
			defaultConfigurationIsVisible = 0;
			defaultConfigurationName = Release;
		};
		DAAF630A2BBBF3D8005C87A8 /* Build configuration list for PBXNativeTarget "ToDoList" */ = {
			isa = XCConfigurationList;
			buildConfigurations = (
				DAAF630B2BBBF3D8005C87A8 /* Debug */,
				DAAF630C2BBBF3D8005C87A8 /* Release */,
			);
			defaultConfigurationIsVisible = 0;
			defaultConfigurationName = Release;
		};
		DAAF630D2BBBF3D8005C87A8 /* Build configuration list for PBXNativeTarget "ToDoListTests" */ = {
			isa = XCConfigurationList;
			buildConfigurations = (
				DAAF630E2BBBF3D8005C87A8 /* Debug */,
				DAAF630F2BBBF3D8005C87A8 /* Release */,
			);
			defaultConfigurationIsVisible = 0;
			defaultConfigurationName = Release;
		};
		DAAF63102BBBF3D8005C87A8 /* Build configuration list for PBXNativeTarget "ToDoListUITests" */ = {
			isa = XCConfigurationList;
			buildConfigurations = (
				DAAF63112BBBF3D8005C87A8 /* Debug */,
				DAAF63122BBBF3D8005C87A8 /* Release */,
			);
			defaultConfigurationIsVisible = 0;
			defaultConfigurationName = Release;
		};
/* End XCConfigurationList section */
	};
	rootObject = DAAF62D32BBBF3CF005C87A8 /* Project object */;
}
